schema: '2.0'
stages:
  ingestion:
    cmd: python -m src.components.data_ingestion
    deps:
    - path: src/components/data_ingestion.py
      hash: md5
      md5: 39cecbaa78caefc102cba46a6b352264
      size: 1622
    outs:
    - path: artifacts/test.csv
      hash: md5
      md5: cc3c9ebb24d17409cdd859b1f8c13810
      size: 74333966
    - path: artifacts/train.csv
      hash: md5
      md5: 561353bfe6ddd9dfc307ddee7e617650
      size: 297657396
  transformation:
    cmd: python -m src.components.data_transformation
    deps:
    - path: artifacts/test.csv
      hash: md5
      md5: cc3c9ebb24d17409cdd859b1f8c13810
      size: 74333966
    - path: artifacts/train.csv
      hash: md5
      md5: 561353bfe6ddd9dfc307ddee7e617650
      size: 297657396
    - path: src/components/data_transformation.py
      hash: md5
      md5: 91ba205ffea7df62c1425905dd772636
      size: 6424
    outs:
    - path: artifacts/feature_engineering.pkl
      hash: md5
      md5: 0c889ace033876b64efb0c7d2a450e1b
      size: 942530
    - path: artifacts/preprocessor.pkl
      hash: md5
      md5: d870547cc898d2fe68a9b12dc4c2529a
      size: 80425
  training:
    cmd: python -m src.components.model_training
    deps:
    - path: artifacts/X_test.csv
      hash: md5
      md5: faf3072b5b378eb06f8fe27a8f1d3863
      size: 325935491
    - path: artifacts/X_train.csv
      hash: md5
      md5: f17e473a96048a79022c79cbb13b5f81
      size: 1306004105
    - path: artifacts/y_test.csv
      hash: md5
      md5: 9050e44d7590da74411f76ceffb97aa1
      size: 354333
    - path: artifacts/y_train.csv
      hash: md5
      md5: 5f7378a8155a7cc1f0d2212bfb0a8606
      size: 1417305
    - path: src/components/model_training.py
      hash: md5
      md5: 7a9f1900b6d5bdb02bd158cf61f1caf2
      size: 6614
    outs:
    - path: artifacts/model.pkl
      hash: md5
      md5: 11adb314677d2b105612168b03bbf500
      size: 67499096
